
Microsoft Visual Studio Solution File, Format Version 12.00
# Visual Studio Version 17
VisualStudioVersion = 17.6.33815.320
MinimumVisualStudioVersion = 10.0.40219.1
Project("{9A19103F-16F7-4668-BE54-9A1E7A4F7556}") = "JAMARA", "JAMARA\JAMARA.csproj", "{6CB8C868-5D13-45C8-8F10-37CEDB27376E}"
EndProject
Project("{FAE04EC0-301F-11D3-BF4B-00C04F79EFBC}") = "JARAMA.AccesoDatos", "JARAMA.AccesoDatos\JARAMA.AccesoDatos.csproj", "{DFAFBD9E-9269-4809-B87B-A84F8D62B44D}"
EndProject
Project("{FAE04EC0-301F-11D3-BF4B-00C04F79EFBC}") = "JAMARA.Modelos", "JAMARA.Modelos\JAMARA.Modelos.csproj", "{4C522F66-C749-4D77-9D19-A9FCC0A42C77}"
EndProject
Project("{FAE04EC0-301F-11D3-BF4B-00C04F79EFBC}") = "JAMARA.Utilidades", "JAMARA.Utilidades\JAMARA.Utilidades.csproj", "{D1E45D5F-9F9E-430B-BAFA-F6C332498D1F}"
EndProject
Global
	GlobalSection(SolutionConfigurationPlatforms) = preSolution
		Debug|Any CPU = Debug|Any CPU
		Release|Any CPU = Release|Any CPU
	EndGlobalSection
	GlobalSection(ProjectConfigurationPlatforms) = postSolution
		{6CB8C868-5D13-45C8-8F10-37CEDB27376E}.Debug|Any CPU.ActiveCfg = Debug|Any CPU
		{6CB8C868-5D13-45C8-8F10-37CEDB27376E}.Debug|Any CPU.Build.0 = Debug|Any CPU
		{6CB8C868-5D13-45C8-8F10-37CEDB27376E}.Release|Any CPU.ActiveCfg = Release|Any CPU
		{6CB8C868-5D13-45C8-8F10-37CEDB27376E}.Release|Any CPU.Build.0 = Release|Any CPU
		{DFAFBD9E-9269-4809-B87B-A84F8D62B44D}.Debug|Any CPU.ActiveCfg = Debug|Any CPU
		{DFAFBD9E-9269-4809-B87B-A84F8D62B44D}.Debug|Any CPU.Build.0 = Debug|Any CPU
		{DFAFBD9E-9269-4809-B87B-A84F8D62B44D}.Release|Any CPU.ActiveCfg = Release|Any CPU
		{DFAFBD9E-9269-4809-B87B-A84F8D62B44D}.Release|Any CPU.Build.0 = Release|Any CPU
		{4C522F66-C749-4D77-9D19-A9FCC0A42C77}.Debug|Any CPU.ActiveCfg = Debug|Any CPU
		{4C522F66-C749-4D77-9D19-A9FCC0A42C77}.Debug|Any CPU.Build.0 = Debug|Any CPU
		{4C522F66-C749-4D77-9D19-A9FCC0A42C77}.Release|Any CPU.ActiveCfg = Release|Any CPU
		{4C522F66-C749-4D77-9D19-A9FCC0A42C77}.Release|Any CPU.Build.0 = Release|Any CPU
		{D1E45D5F-9F9E-430B-BAFA-F6C332498D1F}.Debug|Any CPU.ActiveCfg = Debug|Any CPU
		{D1E45D5F-9F9E-430B-BAFA-F6C332498D1F}.Debug|Any CPU.Build.0 = Debug|Any CPU
		{D1E45D5F-9F9E-430B-BAFA-F6C332498D1F}.Release|Any CPU.ActiveCfg = Release|Any CPU
		{D1E45D5F-9F9E-430B-BAFA-F6C332498D1F}.Release|Any CPU.Build.0 = Release|Any CPU
	EndGlobalSection
	GlobalSection(SolutionProperties) = preSolution
		HideSolutionNode = FALSE
	EndGlobalSection
	GlobalSection(ExtensibilityGlobals) = postSolution
		SolutionGuid = {0FACD6C7-7C1E-4341-B897-7B17CCC91346}
	EndGlobalSection
EndGlobal
